
Microsoft Visual Studio Solution File, Format Version 12.00
# Visual Studio Version 17
VisualStudioVersion = 17.12.35527.113
MinimumVisualStudioVersion = 10.0.40219.1
Project("{FAE04EC0-301F-11D3-BF4B-00C04F79EFBC}") = "LayoutModels", "LayoutModels\LayoutModels.csproj", "{E916C3E9-EC5F-4562-850E-A167FF7A91D4}"
EndProject
Project("{FAE04EC0-301F-11D3-BF4B-00C04F79EFBC}") = "Logger", "Logger\Logger.csproj", "{ECF14D9C-2712-423A-A575-99B2558A0FE0}"
EndProject
Project("{FAE04EC0-301F-11D3-BF4B-00C04F79EFBC}") = "SequenceSimulator", "SequenceSimulator\SequenceSimulator.csproj", "{B7E43677-C9CF-4295-A213-2D962E92F92E}"
EndProject
Project("{FAE04EC0-301F-11D3-BF4B-00C04F79EFBC}") = "SequenceSimulatorConsole", "SequenceSimulatorConsole\SequenceSimulatorConsole.csproj", "{363BF9C1-509A-45BF-A1DF-71EB14392CA7}"
EndProject
Project("{2150E333-8FDC-42A3-9474-1A3956D46DE8}") = "Documentation", "Documentation", "{8D285D80-3608-474E-B403-CFD7CB8FED9D}"
EndProject
Project("{2150E333-8FDC-42A3-9474-1A3956D46DE8}") = "Hardware", "Hardware", "{5342B5A3-C79B-4C31-9F82-3D1913449785}"
EndProject
Project("{FAE04EC0-301F-11D3-BF4B-00C04F79EFBC}") = "Librarian", "Librarian\Librarian.csproj", "{90B3C02F-B6F8-42CB-A51E-5F672BF58386}"
EndProject
Project("{2150E333-8FDC-42A3-9474-1A3956D46DE8}") = "Solution Items", "Solution Items", "{BCF49737-A763-4BC0-AC3A-6A34D5E04390}"
	ProjectSection(SolutionItems) = preProject
		README.md = README.md
	EndProjectSection
EndProject
Project("{FAE04EC0-301F-11D3-BF4B-00C04F79EFBC}") = "RPiUI", "RPiUI\RPiUI.csproj", "{4E68DCC5-B97C-4530-B94B-44FA66FC92BE}"
EndProject
Project("{FAE04EC0-301F-11D3-BF4B-00C04F79EFBC}") = "DatabaseManagers", "DatabaseManager\DatabaseManagers.csproj", "{80BFBC37-6C99-427B-8131-174B12EA9399}"
EndProject
Project("{FAE04EC0-301F-11D3-BF4B-00C04F79EFBC}") = "ConnectionManagers", "ConnectionManager\ConnectionManagers.csproj", "{9A3D33E0-9748-455C-AA7C-8CFF0CC7E342}"
EndProject
Project("{2150E333-8FDC-42A3-9474-1A3956D46DE8}") = "Tools", "Tools", "{84FD8C6F-CE4F-4087-9A7E-C157672EF3E6}"
EndProject
Project("{FAE04EC0-301F-11D3-BF4B-00C04F79EFBC}") = "DataWorkers", "DataWorkers\DataWorkers.csproj", "{853CD026-D38A-4FB5-B098-925C85EE2887}"
EndProject
Project("{FAE04EC0-301F-11D3-BF4B-00C04F79EFBC}") = "FATBuilder", "FATBuilder\FATBuilder.csproj", "{FC3EBF9A-8B25-4493-91D0-A1598834D4F7}"
EndProject
Project("{FAE04EC0-301F-11D3-BF4B-00C04F79EFBC}") = "NexusWPF", "NexusWPF\NexusWPF.csproj", "{DF901E6D-145D-4CDD-8144-FFF14C0055FD}"
EndProject
Project("{FAE04EC0-301F-11D3-BF4B-00C04F79EFBC}") = "UIUtilities", "UIUtilities\UIUtilities.csproj", "{F6F8A5F8-577C-4B42-BB22-CFF461872FAD}"
EndProject
Project("{FAE04EC0-301F-11D3-BF4B-00C04F79EFBC}") = "ProjectManager", "ProjectManager\ProjectManager.csproj", "{3BA54CC3-5452-4ABE-9730-5904B1710625}"
EndProject
Project("{FAE04EC0-301F-11D3-BF4B-00C04F79EFBC}") = "NexusModels", "NexusModels\NexusModels.csproj", "{95B95642-F82E-49AF-B47E-7B0279C4E39E}"
EndProject
Global
	GlobalSection(SolutionConfigurationPlatforms) = preSolution
		Debug|Any CPU = Debug|Any CPU
		Release|Any CPU = Release|Any CPU
	EndGlobalSection
	GlobalSection(ProjectConfigurationPlatforms) = postSolution
		{E916C3E9-EC5F-4562-850E-A167FF7A91D4}.Debug|Any CPU.ActiveCfg = Debug|Any CPU
		{E916C3E9-EC5F-4562-850E-A167FF7A91D4}.Debug|Any CPU.Build.0 = Debug|Any CPU
		{E916C3E9-EC5F-4562-850E-A167FF7A91D4}.Release|Any CPU.ActiveCfg = Release|Any CPU
		{E916C3E9-EC5F-4562-850E-A167FF7A91D4}.Release|Any CPU.Build.0 = Release|Any CPU
		{ECF14D9C-2712-423A-A575-99B2558A0FE0}.Debug|Any CPU.ActiveCfg = Debug|Any CPU
		{ECF14D9C-2712-423A-A575-99B2558A0FE0}.Debug|Any CPU.Build.0 = Debug|Any CPU
		{ECF14D9C-2712-423A-A575-99B2558A0FE0}.Release|Any CPU.ActiveCfg = Release|Any CPU
		{ECF14D9C-2712-423A-A575-99B2558A0FE0}.Release|Any CPU.Build.0 = Release|Any CPU
		{B7E43677-C9CF-4295-A213-2D962E92F92E}.Debug|Any CPU.ActiveCfg = Debug|Any CPU
		{B7E43677-C9CF-4295-A213-2D962E92F92E}.Debug|Any CPU.Build.0 = Debug|Any CPU
		{B7E43677-C9CF-4295-A213-2D962E92F92E}.Release|Any CPU.ActiveCfg = Release|Any CPU
		{B7E43677-C9CF-4295-A213-2D962E92F92E}.Release|Any CPU.Build.0 = Release|Any CPU
		{363BF9C1-509A-45BF-A1DF-71EB14392CA7}.Debug|Any CPU.ActiveCfg = Debug|Any CPU
		{363BF9C1-509A-45BF-A1DF-71EB14392CA7}.Debug|Any CPU.Build.0 = Debug|Any CPU
		{363BF9C1-509A-45BF-A1DF-71EB14392CA7}.Release|Any CPU.ActiveCfg = Release|Any CPU
		{363BF9C1-509A-45BF-A1DF-71EB14392CA7}.Release|Any CPU.Build.0 = Release|Any CPU
		{90B3C02F-B6F8-42CB-A51E-5F672BF58386}.Debug|Any CPU.ActiveCfg = Debug|Any CPU
		{90B3C02F-B6F8-42CB-A51E-5F672BF58386}.Debug|Any CPU.Build.0 = Debug|Any CPU
		{90B3C02F-B6F8-42CB-A51E-5F672BF58386}.Release|Any CPU.ActiveCfg = Release|Any CPU
		{90B3C02F-B6F8-42CB-A51E-5F672BF58386}.Release|Any CPU.Build.0 = Release|Any CPU
		{4E68DCC5-B97C-4530-B94B-44FA66FC92BE}.Debug|Any CPU.ActiveCfg = Debug|Any CPU
		{4E68DCC5-B97C-4530-B94B-44FA66FC92BE}.Debug|Any CPU.Build.0 = Debug|Any CPU
		{4E68DCC5-B97C-4530-B94B-44FA66FC92BE}.Release|Any CPU.ActiveCfg = Release|Any CPU
		{4E68DCC5-B97C-4530-B94B-44FA66FC92BE}.Release|Any CPU.Build.0 = Release|Any CPU
		{80BFBC37-6C99-427B-8131-174B12EA9399}.Debug|Any CPU.ActiveCfg = Debug|Any CPU
		{80BFBC37-6C99-427B-8131-174B12EA9399}.Debug|Any CPU.Build.0 = Debug|Any CPU
		{80BFBC37-6C99-427B-8131-174B12EA9399}.Release|Any CPU.ActiveCfg = Release|Any CPU
		{80BFBC37-6C99-427B-8131-174B12EA9399}.Release|Any CPU.Build.0 = Release|Any CPU
		{9A3D33E0-9748-455C-AA7C-8CFF0CC7E342}.Debug|Any CPU.ActiveCfg = Debug|Any CPU
		{9A3D33E0-9748-455C-AA7C-8CFF0CC7E342}.Debug|Any CPU.Build.0 = Debug|Any CPU
		{9A3D33E0-9748-455C-AA7C-8CFF0CC7E342}.Release|Any CPU.ActiveCfg = Release|Any CPU
		{9A3D33E0-9748-455C-AA7C-8CFF0CC7E342}.Release|Any CPU.Build.0 = Release|Any CPU
		{853CD026-D38A-4FB5-B098-925C85EE2887}.Debug|Any CPU.ActiveCfg = Debug|Any CPU
		{853CD026-D38A-4FB5-B098-925C85EE2887}.Debug|Any CPU.Build.0 = Debug|Any CPU
		{853CD026-D38A-4FB5-B098-925C85EE2887}.Release|Any CPU.ActiveCfg = Release|Any CPU
		{853CD026-D38A-4FB5-B098-925C85EE2887}.Release|Any CPU.Build.0 = Release|Any CPU
		{FC3EBF9A-8B25-4493-91D0-A1598834D4F7}.Debug|Any CPU.ActiveCfg = Debug|Any CPU
		{FC3EBF9A-8B25-4493-91D0-A1598834D4F7}.Debug|Any CPU.Build.0 = Debug|Any CPU
		{FC3EBF9A-8B25-4493-91D0-A1598834D4F7}.Release|Any CPU.ActiveCfg = Release|Any CPU
		{FC3EBF9A-8B25-4493-91D0-A1598834D4F7}.Release|Any CPU.Build.0 = Release|Any CPU
		{DF901E6D-145D-4CDD-8144-FFF14C0055FD}.Debug|Any CPU.ActiveCfg = Debug|Any CPU
		{DF901E6D-145D-4CDD-8144-FFF14C0055FD}.Debug|Any CPU.Build.0 = Debug|Any CPU
		{DF901E6D-145D-4CDD-8144-FFF14C0055FD}.Release|Any CPU.ActiveCfg = Release|Any CPU
		{DF901E6D-145D-4CDD-8144-FFF14C0055FD}.Release|Any CPU.Build.0 = Release|Any CPU
		{F6F8A5F8-577C-4B42-BB22-CFF461872FAD}.Debug|Any CPU.ActiveCfg = Debug|Any CPU
		{F6F8A5F8-577C-4B42-BB22-CFF461872FAD}.Debug|Any CPU.Build.0 = Debug|Any CPU
		{F6F8A5F8-577C-4B42-BB22-CFF461872FAD}.Release|Any CPU.ActiveCfg = Release|Any CPU
		{F6F8A5F8-577C-4B42-BB22-CFF461872FAD}.Release|Any CPU.Build.0 = Release|Any CPU
		{3BA54CC3-5452-4ABE-9730-5904B1710625}.Debug|Any CPU.ActiveCfg = Debug|Any CPU
		{3BA54CC3-5452-4ABE-9730-5904B1710625}.Debug|Any CPU.Build.0 = Debug|Any CPU
		{3BA54CC3-5452-4ABE-9730-5904B1710625}.Release|Any CPU.ActiveCfg = Release|Any CPU
		{3BA54CC3-5452-4ABE-9730-5904B1710625}.Release|Any CPU.Build.0 = Release|Any CPU
		{95B95642-F82E-49AF-B47E-7B0279C4E39E}.Debug|Any CPU.ActiveCfg = Debug|Any CPU
		{95B95642-F82E-49AF-B47E-7B0279C4E39E}.Debug|Any CPU.Build.0 = Debug|Any CPU
		{95B95642-F82E-49AF-B47E-7B0279C4E39E}.Release|Any CPU.ActiveCfg = Release|Any CPU
		{95B95642-F82E-49AF-B47E-7B0279C4E39E}.Release|Any CPU.Build.0 = Release|Any CPU
	EndGlobalSection
	GlobalSection(SolutionProperties) = preSolution
		HideSolutionNode = FALSE
	EndGlobalSection
	GlobalSection(NestedProjects) = preSolution
		{E916C3E9-EC5F-4562-850E-A167FF7A91D4} = {5342B5A3-C79B-4C31-9F82-3D1913449785}
		{ECF14D9C-2712-423A-A575-99B2558A0FE0} = {84FD8C6F-CE4F-4087-9A7E-C157672EF3E6}
		{B7E43677-C9CF-4295-A213-2D962E92F92E} = {5342B5A3-C79B-4C31-9F82-3D1913449785}
		{90B3C02F-B6F8-42CB-A51E-5F672BF58386} = {8D285D80-3608-474E-B403-CFD7CB8FED9D}
		{80BFBC37-6C99-427B-8131-174B12EA9399} = {84FD8C6F-CE4F-4087-9A7E-C157672EF3E6}
		{9A3D33E0-9748-455C-AA7C-8CFF0CC7E342} = {84FD8C6F-CE4F-4087-9A7E-C157672EF3E6}
		{853CD026-D38A-4FB5-B098-925C85EE2887} = {8D285D80-3608-474E-B403-CFD7CB8FED9D}
		{FC3EBF9A-8B25-4493-91D0-A1598834D4F7} = {8D285D80-3608-474E-B403-CFD7CB8FED9D}
		{F6F8A5F8-577C-4B42-BB22-CFF461872FAD} = {84FD8C6F-CE4F-4087-9A7E-C157672EF3E6}
		{3BA54CC3-5452-4ABE-9730-5904B1710625} = {8D285D80-3608-474E-B403-CFD7CB8FED9D}
		{95B95642-F82E-49AF-B47E-7B0279C4E39E} = {8D285D80-3608-474E-B403-CFD7CB8FED9D}
	EndGlobalSection
EndGlobal
