
Microsoft Visual Studio Solution File, Format Version 12.00
# Visual Studio Version 17
VisualStudioVersion = 17.14.36511.14
MinimumVisualStudioVersion = 10.0.40219.1
Project("{FAE04EC0-301F-11D3-BF4B-00C04F79EFBC}") = "DataModels", "DataModels\DataModels.csproj", "{3E7DDADB-DE08-4872-9054-B67C132FA619}"
EndProject
Project("{FAE04EC0-301F-11D3-BF4B-00C04F79EFBC}") = "NexusBlazor", "NexusBlazor\NexusBlazor\NexusBlazor.csproj", "{E3A3736B-8ABE-438E-A0F8-633FA69FD890}"
EndProject
Project("{FAE04EC0-301F-11D3-BF4B-00C04F79EFBC}") = "NexusBlazor.Client", "NexusBlazor\NexusBlazor.Client\NexusBlazor.Client.csproj", "{80818BCA-024A-47A2-8BD1-5816E767209C}"
EndProject
Project("{FAE04EC0-301F-11D3-BF4B-00C04F79EFBC}") = "NexusMaintenance", "NexusMaintenance\NexusMaintenance.csproj", "{212EE2EF-7246-4AE6-A3D8-A2FE008E2BA5}"
EndProject
Project("{FAE04EC0-301F-11D3-BF4B-00C04F79EFBC}") = "LayoutSimulator", "LayoutSimulator\LayoutSimulator.csproj", "{A09EFB18-B412-4E2E-A47E-6CDA65642E40}"
EndProject
Global
	GlobalSection(SolutionConfigurationPlatforms) = preSolution
		Debug|Any CPU = Debug|Any CPU
		Release|Any CPU = Release|Any CPU
	EndGlobalSection
	GlobalSection(ProjectConfigurationPlatforms) = postSolution
		{3E7DDADB-DE08-4872-9054-B67C132FA619}.Debug|Any CPU.ActiveCfg = Debug|Any CPU
		{3E7DDADB-DE08-4872-9054-B67C132FA619}.Debug|Any CPU.Build.0 = Debug|Any CPU
		{3E7DDADB-DE08-4872-9054-B67C132FA619}.Release|Any CPU.ActiveCfg = Release|Any CPU
		{3E7DDADB-DE08-4872-9054-B67C132FA619}.Release|Any CPU.Build.0 = Release|Any CPU
		{E3A3736B-8ABE-438E-A0F8-633FA69FD890}.Debug|Any CPU.ActiveCfg = Debug|Any CPU
		{E3A3736B-8ABE-438E-A0F8-633FA69FD890}.Debug|Any CPU.Build.0 = Debug|Any CPU
		{E3A3736B-8ABE-438E-A0F8-633FA69FD890}.Release|Any CPU.ActiveCfg = Release|Any CPU
		{E3A3736B-8ABE-438E-A0F8-633FA69FD890}.Release|Any CPU.Build.0 = Release|Any CPU
		{80818BCA-024A-47A2-8BD1-5816E767209C}.Debug|Any CPU.ActiveCfg = Debug|Any CPU
		{80818BCA-024A-47A2-8BD1-5816E767209C}.Debug|Any CPU.Build.0 = Debug|Any CPU
		{80818BCA-024A-47A2-8BD1-5816E767209C}.Release|Any CPU.ActiveCfg = Release|Any CPU
		{80818BCA-024A-47A2-8BD1-5816E767209C}.Release|Any CPU.Build.0 = Release|Any CPU
		{212EE2EF-7246-4AE6-A3D8-A2FE008E2BA5}.Debug|Any CPU.ActiveCfg = Debug|Any CPU
		{212EE2EF-7246-4AE6-A3D8-A2FE008E2BA5}.Debug|Any CPU.Build.0 = Debug|Any CPU
		{212EE2EF-7246-4AE6-A3D8-A2FE008E2BA5}.Release|Any CPU.ActiveCfg = Release|Any CPU
		{212EE2EF-7246-4AE6-A3D8-A2FE008E2BA5}.Release|Any CPU.Build.0 = Release|Any CPU
		{A09EFB18-B412-4E2E-A47E-6CDA65642E40}.Debug|Any CPU.ActiveCfg = Debug|Any CPU
		{A09EFB18-B412-4E2E-A47E-6CDA65642E40}.Debug|Any CPU.Build.0 = Debug|Any CPU
		{A09EFB18-B412-4E2E-A47E-6CDA65642E40}.Release|Any CPU.ActiveCfg = Release|Any CPU
		{A09EFB18-B412-4E2E-A47E-6CDA65642E40}.Release|Any CPU.Build.0 = Release|Any CPU
	EndGlobalSection
	GlobalSection(SolutionProperties) = preSolution
		HideSolutionNode = FALSE
	EndGlobalSection
	GlobalSection(ExtensibilityGlobals) = postSolution
		SolutionGuid = {3F8EE7E6-7AA1-4EEF-B978-3DC35C3BFBA3}
	EndGlobalSection
EndGlobal
